
Microsoft Visual Studio Solution File, Format Version 12.00
Project("{FAE04EC0-301F-11D3-BF4B-00C04F79EFBC}") = "WebApplication1", "WebApplication1\WebApplication1.csproj", "{AC2CE591-06D4-43BB-A840-AACA07E51DB8}"
EndProject
Project("{FAE04EC0-301F-11D3-BF4B-00C04F79EFBC}") = "Tests", "Tests\Tests.csproj", "{84021230-1886-4FB2-A372-88065554E645}"
EndProject
Global
	GlobalSection(SolutionConfigurationPlatforms) = preSolution
		Debug|Any CPU = Debug|Any CPU
		Release|Any CPU = Release|Any CPU
	EndGlobalSection
	GlobalSection(ProjectConfigurationPlatforms) = postSolution
		{AC2CE591-06D4-43BB-A840-AACA07E51DB8}.Debug|Any CPU.ActiveCfg = Debug|Any CPU
		{AC2CE591-06D4-43BB-A840-AACA07E51DB8}.Debug|Any CPU.Build.0 = Debug|Any CPU
		{AC2CE591-06D4-43BB-A840-AACA07E51DB8}.Release|Any CPU.ActiveCfg = Release|Any CPU
		{AC2CE591-06D4-43BB-A840-AACA07E51DB8}.Release|Any CPU.Build.0 = Release|Any CPU
		{84021230-1886-4FB2-A372-88065554E645}.Debug|Any CPU.ActiveCfg = Debug|Any CPU
		{84021230-1886-4FB2-A372-88065554E645}.Debug|Any CPU.Build.0 = Debug|Any CPU
		{84021230-1886-4FB2-A372-88065554E645}.Release|Any CPU.ActiveCfg = Release|Any CPU
		{84021230-1886-4FB2-A372-88065554E645}.Release|Any CPU.Build.0 = Release|Any CPU
	EndGlobalSection
EndGlobal
